Microsoft Visual Studio Solution File, Format Version 12.00
# Visual Studio Version 17
VisualStudioVersion = 17.5.2.0
MinimumVisualStudioVersion = 10.0.40219.1
Project("{FAE04EC0-301F-11D3-BF4B-00C04F79EFBC}") = "MyCloudStorage", "MyCloudStorage\MyCloudStorage.csproj", "{9CF78445-B340-8E46-6C90-505BC5364FF6}"
EndProject
Global
	GlobalSection(SolutionConfigurationPlatforms) = preSolution
		Debug|Any CPU = Debug|Any CPU
		Release|Any CPU = Release|Any CPU
	EndGlobalSection
	GlobalSection(ProjectConfigurationPlatforms) = postSolution
		{9CF78445-B340-8E46-6C90-505BC5364FF6}.Debug|Any CPU.ActiveCfg = Debug|Any CPU
		{9CF78445-B340-8E46-6C90-505BC5364FF6}.Debug|Any CPU.Build.0 = Debug|Any CPU
		{9CF78445-B340-8E46-6C90-505BC5364FF6}.Release|Any CPU.ActiveCfg = Release|Any CPU
		{9CF78445-B340-8E46-6C90-505BC5364FF6}.Release|Any CPU.Build.0 = Release|Any CPU
	EndGlobalSection
	GlobalSection(SolutionProperties) = preSolution
		HideSolutionNode = FALSE
	EndGlobalSection
	GlobalSection(ExtensibilityGlobals) = postSolution
		SolutionGuid = {DEC997EF-2B34-47F7-8E8B-185C8DD0858B}
	EndGlobalSection
EndGlobal
