Microsoft Visual Studio Solution File, Format Version 12.00
# Visual Studio Version 17
VisualStudioVersion = 17.5.2.0
MinimumVisualStudioVersion = 10.0.40219.1
Project("{FAE04EC0-301F-11D3-BF4B-00C04F79EFBC}") = "MyCloudStorage", "MyCloudStorage.csproj", "{393785DA-2717-18D8-A31E-A568E0F25A9D}"
EndProject
Global
	GlobalSection(SolutionConfigurationPlatforms) = preSolution
		Debug|Any CPU = Debug|Any CPU
		Release|Any CPU = Release|Any CPU
	EndGlobalSection
	GlobalSection(ProjectConfigurationPlatforms) = postSolution
		{393785DA-2717-18D8-A31E-A568E0F25A9D}.Debug|Any CPU.ActiveCfg = Debug|Any CPU
		{393785DA-2717-18D8-A31E-A568E0F25A9D}.Debug|Any CPU.Build.0 = Debug|Any CPU
		{393785DA-2717-18D8-A31E-A568E0F25A9D}.Release|Any CPU.ActiveCfg = Release|Any CPU
		{393785DA-2717-18D8-A31E-A568E0F25A9D}.Release|Any CPU.Build.0 = Release|Any CPU
	EndGlobalSection
	GlobalSection(SolutionProperties) = preSolution
		HideSolutionNode = FALSE
	EndGlobalSection
	GlobalSection(ExtensibilityGlobals) = postSolution
		SolutionGuid = {04B1826D-CCD0-4812-8141-C9DA542D0101}
	EndGlobalSection
EndGlobal
